
Microsoft Visual Studio Solution File, Format Version 12.00
# Visual Studio Version 17
VisualStudioVersion = 17.2.32616.157
MinimumVisualStudioVersion = 10.0.40219.1
Project("{FAE04EC0-301F-11D3-BF4B-00C04F79EFBC}") = "ToolBox.ToolBoxFramework", "ToolBoxFramework\ToolBox.ToolBoxFramework.csproj", "{0908AC65-0105-485C-A19B-11CF08B4C530}"
EndProject
Global
	GlobalSection(SolutionConfigurationPlatforms) = preSolution
		Debug|Any CPU = Debug|Any CPU
		Release|Any CPU = Release|Any CPU
	EndGlobalSection
	GlobalSection(ProjectConfigurationPlatforms) = postSolution
		{0908AC65-0105-485C-A19B-11CF08B4C530}.Debug|Any CPU.ActiveCfg = Debug|Any CPU
		{0908AC65-0105-485C-A19B-11CF08B4C530}.Debug|Any CPU.Build.0 = Debug|Any CPU
		{0908AC65-0105-485C-A19B-11CF08B4C530}.Release|Any CPU.ActiveCfg = Release|Any CPU
		{0908AC65-0105-485C-A19B-11CF08B4C530}.Release|Any CPU.Build.0 = Release|Any CPU
	EndGlobalSection
	GlobalSection(SolutionProperties) = preSolution
		HideSolutionNode = FALSE
	EndGlobalSection
	GlobalSection(ExtensibilityGlobals) = postSolution
		SolutionGuid = {9A1E9056-F5BD-4851-ACB6-44F046F58F1C}
	EndGlobalSection
EndGlobal
