
Microsoft Visual Studio Solution File, Format Version 12.00
# Visual Studio Version 17
VisualStudioVersion = 17.2.32616.157
MinimumVisualStudioVersion = 10.0.40219.1
Project("{9A19103F-16F7-4668-BE54-9A1E7A4F7556}") = "ToolBox.ToolBoxWinForms.Net6", "ToolBox.ToolBoxNet6\ToolBox.ToolBoxWinForms.Net6.csproj", "{F3900853-3658-4E53-B93F-586DEFE7A651}"
EndProject
Global
	GlobalSection(SolutionConfigurationPlatforms) = preSolution
		Debug|Any CPU = Debug|Any CPU
		Release|Any CPU = Release|Any CPU
	EndGlobalSection
	GlobalSection(ProjectConfigurationPlatforms) = postSolution
		{F3900853-3658-4E53-B93F-586DEFE7A651}.Debug|Any CPU.ActiveCfg = Debug|Any CPU
		{F3900853-3658-4E53-B93F-586DEFE7A651}.Debug|Any CPU.Build.0 = Debug|Any CPU
		{F3900853-3658-4E53-B93F-586DEFE7A651}.Release|Any CPU.ActiveCfg = Release|Any CPU
		{F3900853-3658-4E53-B93F-586DEFE7A651}.Release|Any CPU.Build.0 = Release|Any CPU
	EndGlobalSection
	GlobalSection(SolutionProperties) = preSolution
		HideSolutionNode = FALSE
	EndGlobalSection
	GlobalSection(ExtensibilityGlobals) = postSolution
		SolutionGuid = {9A1E9056-F5BD-4851-ACB6-44F046F58F1C}
	EndGlobalSection
EndGlobal
